{
  "requires": true,
  "lockfileVersion": 1,
  "dependencies": {
    "@expo/react-native-action-sheet": {
      "version": "1.1.2",
      "resolved": "https://registry.npmjs.org/@expo/react-native-action-sheet/-/react-native-action-sheet-1.1.2.tgz",
      "integrity": "sha512-//2EvHVBFVGSAzuJvG0I1UoQVzGJBo2f1CkO+RMnEWdR0FeWYmV7+pCThIroL1czRm/oOtoMxiGS6FgXt6QgVA==",
      "requires": {
        "hoist-non-react-statics": "^2.2.2",
        "prop-types": "^15.5.10"
      }
    },
    "babel-plugin-check-es2015-constants": {
      "version": "6.22.0",
      "resolved": "https://registry.npmjs.org/babel-plugin-check-es2015-constants/-/babel-plugin-check-es2015-constants-6.22.0.tgz",
      "integrity": "sha1-NRV7EBQm/S/9PaP3XH0ekYNbv4o=",
      "requires": {
        "babel-runtime": "^6.22.0"
      }
    },
    "babel-runtime": {
      "version": "6.26.0",
      "resolved": "https://registry.npmjs.org/babel-runtime/-/babel-runtime-6.26.0.tgz",
      "integrity": "sha1-llxwWGaOgrVde/4E/yM3vItWR/4=",
      "requires": {
        "core-js": "^2.4.0",
        "regenerator-runtime": "^0.11.0"
      }
    },
    "core-js": {
      "version": "2.5.7",
      "resolved": "https://registry.npmjs.org/core-js/-/core-js-2.5.7.tgz",
      "integrity": "sha512-RszJCAxg/PP6uzXVXL6BsxSXx/B05oJAQ2vkJRjyjrEcNVycaqOmNb5OTxZPE3xa5gwZduqza6L9JOCenh/Ecw=="
    },
    "hoist-non-react-statics": {
      "version": "2.5.5",
      "resolved": "https://registry.npmjs.org/hoist-non-react-statics/-/hoist-non-react-statics-2.5.5.tgz",
      "integrity": "sha512-rqcy4pJo55FTTLWt+bU8ukscqHeE/e9KWvsOW2b/a3afxQZhwkQdT1rPPCJ0rYXdj4vNcasY8zHTH+jF/qStxw=="
    },
    "js-tokens": {
      "version": "4.0.0",
      "resolved": "https://registry.npmjs.org/js-tokens/-/js-tokens-4.0.0.tgz",
      "integrity": "sha512-RdJUflcE3cUzKiMqQgsCu06FPu9UdIJO0beYbPhHN4k6apgJtifcoCtT9bcxOpYBtpD2kCM6Sbzg4CausW/PKQ=="
    },
    "loose-envify": {
      "version": "1.4.0",
      "resolved": "https://registry.npmjs.org/loose-envify/-/loose-envify-1.4.0.tgz",
      "integrity": "sha512-lyuxPGr/Wfhrlem2CL/UcnUc1zcqKAImBDzukY7Y5F/yQiNdko6+fRLevlw1HgMySw7f611UIY408EtxRSoK3Q==",
      "requires": {
        "js-tokens": "^3.0.0 || ^4.0.0"
      }
    },
    "moment": {
      "version": "2.22.2",
      "resolved": "https://registry.npmjs.org/moment/-/moment-2.22.2.tgz",
      "integrity": "sha1-PCV/mDn8DpP/UxSWMiOeuQeD/2Y="
    },
    "object-assign": {
      "version": "4.1.1",
      "resolved": "https://registry.npmjs.org/object-assign/-/object-assign-4.1.1.tgz",
      "integrity": "sha1-IQmtx5ZYh8/AXLvUQsrIv7s2CGM="
    },
    "prop-types": {
      "version": "15.6.2",
      "resolved": "https://registry.npmjs.org/prop-types/-/prop-types-15.6.2.tgz",
      "integrity": "sha512-3pboPvLiWD7dkI3qf3KbUe6hKFKa52w+AE0VCqECtf+QHAKgOL37tTaNCnuX1nAAQ4ZhyP+kYVKf8rLmJ/feDQ==",
      "requires": {
        "loose-envify": "^1.3.1",
        "object-assign": "^4.1.1"
      }
    },
    "react-native-communications": {
      "version": "2.2.1",
      "resolved": "https://registry.npmjs.org/react-native-communications/-/react-native-communications-2.2.1.tgz",
      "integrity": "sha1-eIO1ayCgAu63kMET+GFuqGksp5U="
    },
    "react-native-gifted-chat": {
      "version": "0.5.0",
      "resolved": "https://registry.npmjs.org/react-native-gifted-chat/-/react-native-gifted-chat-0.5.0.tgz",
      "integrity": "sha512-b7DHgYsItJHkPebeZMFJx8IPLOZ0g9mnXVSD7GQZAuOG1n5OC8NE/m8WNLk/MJAP1uq97J5mOiOnK4ipTA7oKw==",
      "requires": {
        "@expo/react-native-action-sheet": "^1.0.1",
        "moment": "^2.19.0",
        "react-native-communications": "2.2.1",
        "react-native-lightbox": "^0.7.0",
        "react-native-parsed-text": "^0.0.20",
        "uuid": "3.3.0"
      }
    },
    "react-native-lightbox": {
      "version": "0.7.0",
      "resolved": "https://registry.npmjs.org/react-native-lightbox/-/react-native-lightbox-0.7.0.tgz",
      "integrity": "sha512-HS3T4WlCd0Gb3us2d6Jse5m6KjNhngnKm35Wapq30WtQa9s+/VMmtuktbGPGaWtswcDyOj6qByeJBw9W80iPCA==",
      "requires": {
        "prop-types": "^15.5.10"
      }
    },
    "react-native-maps": {
      "version": "0.22.1",
      "resolved": "https://registry.npmjs.org/react-native-maps/-/react-native-maps-0.22.1.tgz",
      "integrity": "sha512-JjBpAXjzZY8AW4HTcAZxX+cGk6e6i+J5Vd//DViMUe0bRkKKv92ds1W9rqZ+o9PhUqdP++3DvKv0jrB05icqKA=="
    },
    "react-native-parsed-text": {
      "version": "0.0.20",
      "resolved": "https://registry.npmjs.org/react-native-parsed-text/-/react-native-parsed-text-0.0.20.tgz",
      "integrity": "sha512-n77hYu64Tr3oclzIXBXXaiLh1WbMKdA2Y0x6bX/yqwxAM4afcObENY5VrNB+EsTBJBEDqrypA9D1p2cLEIHkuQ==",
      "requires": {
        "babel-plugin-check-es2015-constants": "6.22.0",
        "prop-types": "^15.5.10"
      }
    },
    "regenerator-runtime": {
      "version": "0.11.1",
      "resolved": "https://registry.npmjs.org/regenerator-runtime/-/regenerator-runtime-0.11.1.tgz",
      "integrity": "sha512-MguG95oij0fC3QV3URf4V2SDYGJhJnJGqvIIgdECeODCT98wSWDAJ94SSuVpYQUoTcGUIL6L4yNB7j1DFFHSBg=="
    },
    "tcomb": {
      "version": "3.2.29",
      "resolved": "https://registry.npmjs.org/tcomb/-/tcomb-3.2.29.tgz",
      "integrity": "sha512-di2Hd1DB2Zfw6StGv861JoAF5h/uQVu/QJp2g8KVbtfKnoHdBQl5M32YWq6mnSYBQ1vFFrns5B1haWJL7rKaOQ=="
    },
    "tcomb-form-native": {
      "version": "0.6.20",
      "resolved": "https://registry.npmjs.org/tcomb-form-native/-/tcomb-form-native-0.6.20.tgz",
      "integrity": "sha512-tuvLmdii2zvkevzFKMS1lYbmE5BeKuRF+sokVqllfjwrViLjgdSCD2Y8WZHUYbUMTbBfEUF65F0vd5zP+Owr2Q==",
      "requires": {
        "tcomb-validation": "^3.0.0"
      }
    },
    "tcomb-validation": {
      "version": "3.4.1",
      "resolved": "https://registry.npmjs.org/tcomb-validation/-/tcomb-validation-3.4.1.tgz",
      "integrity": "sha512-urVVMQOma4RXwiVCa2nM2eqrAomHROHvWPuj6UkDGz/eb5kcy0x6P0dVt6kzpUZtYMNoAqJLWmz1BPtxrtjtrA==",
      "requires": {
        "tcomb": "^3.0.0"
      }
    },
    "uuid": {
      "version": "3.3.0",
      "resolved": "https://registry.npmjs.org/uuid/-/uuid-3.3.0.tgz",
      "integrity": "sha512-ijO9N2xY/YaOqQ5yz5c4sy2ZjWmA6AR6zASb/gdpeKZ8+948CxwfMW9RrKVk5may6ev8c0/Xguu32e2Llelpqw=="
    }
  }
}
